<?xml version="1.0" encoding="utf-8"?>
<Project ToolsVersion="17.0" xmlns="http://schemas.microsoft.com/developer/msbuild/2003">
  <ItemGroup>
    <ClCompile Include="C:\Users\SanyaBooster\source\repos\todo\todo\Database.cpp">
      <Filter>Source Files</Filter>
    </ClCompile>
    <ClCompile Include="C:\Users\SanyaBooster\source\repos\todo\todo\ListItem.cpp">
      <Filter>Source Files</Filter>
    </ClCompile>
    <ClCompile Include="C:\Users\SanyaBooster\source\repos\todo\todo\CommandParser.cpp">
      <Filter>Source Files</Filter>
    </ClCompile>
  </ItemGroup>
  <ItemGroup>
    <ClInclude Include="C:\Users\SanyaBooster\source\repos\todo\todo\Database.h">
      <Filter>Header Files</Filter>
    </ClInclude>
    <ClInclude Include="C:\Users\SanyaBooster\source\repos\todo\todo\ListItem.h">
      <Filter>Header Files</Filter>
    </ClInclude>
    <ClInclude Include="C:\Users\SanyaBooster\source\repos\todo\todo\src\sqlite3.h">
      <Filter>Header Files</Filter>
    </ClInclude>
    <ClInclude Include="C:\Users\SanyaBooster\source\repos\todo\todo\src\sqlite3ext.h">
      <Filter>Header Files</Filter>
    </ClInclude>
    <ClInclude Include="C:\Users\SanyaBooster\source\repos\todo\todo\CommandParser.h">
      <Filter>Header Files</Filter>
    </ClInclude>
  </ItemGroup>
  <ItemGroup>
    <CustomBuild Include="C:\Users\SanyaBooster\source\repos\todo\todo\CMakeLists.txt" />
  </ItemGroup>
  <ItemGroup>
    <None Include="C:\Users\SanyaBooster\source\repos\todo\todo\src\sqlite3.c">
      <Filter>Source Files</Filter>
    </None>
    <None Include="C:\Users\SanyaBooster\source\repos\todo\todo\src\shell.c">
      <Filter>Source Files</Filter>
    </None>
  </ItemGroup>
  <ItemGroup>
    <Filter Include="Header Files">
      <UniqueIdentifier>{B9420201-D5F2-33AB-9E91-868E110C91A4}</UniqueIdentifier>
    </Filter>
    <Filter Include="Source Files">
      <UniqueIdentifier>{75092F26-FF44-3269-BDE9-051490D5AD53}</UniqueIdentifier>
    </Filter>
  </ItemGroup>
</Project>
