
Microsoft Visual Studio Solution File, Format Version 12.00
# Visual Studio Version 17
Project("{8BC9CEB8-8B4A-11D0-8D11-00A0C91BC942}") = "ALL_BUILD", "ALL_BUILD.vcxproj", "{392D593F-10E7-30CA-AE53-E9FBFFC96350}"
	ProjectSection(ProjectDependencies) = postProject
		{5201B174-25FE-3A0A-A146-5CEEBBEF7FCC} = {5201B174-25FE-3A0A-A146-5CEEBBEF7FCC}
		{7A90818E-BE50-3AA5-A13E-FA7713B5A483} = {7A90818E-BE50-3AA5-A13E-FA7713B5A483}
	EndProjectSection
EndProject
Project("{8BC9CEB8-8B4A-11D0-8D11-00A0C91BC942}") = "ZERO_CHECK", "ZERO_CHECK.vcxproj", "{5201B174-25FE-3A0A-A146-5CEEBBEF7FCC}"
	ProjectSection(ProjectDependencies) = postProject
	EndProjectSection
EndProject
Project("{8BC9CEB8-8B4A-11D0-8D11-00A0C91BC942}") = "todoList", "todoList.vcxproj", "{7A90818E-BE50-3AA5-A13E-FA7713B5A483}"
	ProjectSection(ProjectDependencies) = postProject
		{5201B174-25FE-3A0A-A146-5CEEBBEF7FCC} = {5201B174-25FE-3A0A-A146-5CEEBBEF7FCC}
	EndProjectSection
EndProject
Global
	GlobalSection(SolutionConfigurationPlatforms) = preSolution
		Debug|x64 = Debug|x64
		Release|x64 = Release|x64
		MinSizeRel|x64 = MinSizeRel|x64
		RelWithDebInfo|x64 = RelWithDebInfo|x64
	EndGlobalSection
	GlobalSection(ProjectConfigurationPlatforms) = postSolution
		{392D593F-10E7-30CA-AE53-E9FBFFC96350}.Debug|x64.ActiveCfg = Debug|x64
		{392D593F-10E7-30CA-AE53-E9FBFFC96350}.Release|x64.ActiveCfg = Release|x64
		{392D593F-10E7-30CA-AE53-E9FBFFC96350}.MinSizeRel|x64.ActiveCfg = MinSizeRel|x64
		{392D593F-10E7-30CA-AE53-E9FBFFC96350}.RelWithDebInfo|x64.ActiveCfg = RelWithDebInfo|x64
		{5201B174-25FE-3A0A-A146-5CEEBBEF7FCC}.Debug|x64.ActiveCfg = Debug|x64
		{5201B174-25FE-3A0A-A146-5CEEBBEF7FCC}.Debug|x64.Build.0 = Debug|x64
		{5201B174-25FE-3A0A-A146-5CEEBBEF7FCC}.Release|x64.ActiveCfg = Release|x64
		{5201B174-25FE-3A0A-A146-5CEEBBEF7FCC}.Release|x64.Build.0 = Release|x64
		{5201B174-25FE-3A0A-A146-5CEEBBEF7FCC}.MinSizeRel|x64.ActiveCfg = MinSizeRel|x64
		{5201B174-25FE-3A0A-A146-5CEEBBEF7FCC}.MinSizeRel|x64.Build.0 = MinSizeRel|x64
		{5201B174-25FE-3A0A-A146-5CEEBBEF7FCC}.RelWithDebInfo|x64.ActiveCfg = RelWithDebInfo|x64
		{5201B174-25FE-3A0A-A146-5CEEBBEF7FCC}.RelWithDebInfo|x64.Build.0 = RelWithDebInfo|x64
		{7A90818E-BE50-3AA5-A13E-FA7713B5A483}.Debug|x64.ActiveCfg = Debug|x64
		{7A90818E-BE50-3AA5-A13E-FA7713B5A483}.Debug|x64.Build.0 = Debug|x64
		{7A90818E-BE50-3AA5-A13E-FA7713B5A483}.Release|x64.ActiveCfg = Release|x64
		{7A90818E-BE50-3AA5-A13E-FA7713B5A483}.Release|x64.Build.0 = Release|x64
		{7A90818E-BE50-3AA5-A13E-FA7713B5A483}.MinSizeRel|x64.ActiveCfg = MinSizeRel|x64
		{7A90818E-BE50-3AA5-A13E-FA7713B5A483}.MinSizeRel|x64.Build.0 = MinSizeRel|x64
		{7A90818E-BE50-3AA5-A13E-FA7713B5A483}.RelWithDebInfo|x64.ActiveCfg = RelWithDebInfo|x64
		{7A90818E-BE50-3AA5-A13E-FA7713B5A483}.RelWithDebInfo|x64.Build.0 = RelWithDebInfo|x64
	EndGlobalSection
	GlobalSection(ExtensibilityGlobals) = postSolution
		SolutionGuid = {58DF3C89-DBCE-3196-B64A-EFE872392E37}
	EndGlobalSection
	GlobalSection(ExtensibilityAddIns) = postSolution
	EndGlobalSection
EndGlobal
